# This file was autogenerated by Stack.
# You should not edit this file by hand.
# For more information, please see the documentation at:
#   https://docs.haskellstack.org/en/stable/lock_files

packages:
- completed:
    hackage: comonad-extras-4.0.1@sha256:60c93aa274239086d96d162c3c8bf7cde33a3e8470ecb56461b2f77d2625521e,1321
    pantry-tree:
      size: 365
      sha256: 073a63488f2d71ac41355097da8292d70c5e8d56fabb4346955ac943c8ff24b9
  original:
    hackage: comonad-extras-4.0.1@sha256:60c93aa274239086d96d162c3c8bf7cde33a3e8470ecb56461b2f77d2625521e,1321
- completed:
    hackage: slick-1.0.1.1@sha256:bd27d2237126f8883b14c4a1e6c19b6640ed8dae5ba18e9eb8877c1ee23d5c1e,1307
    pantry-tree:
      size: 601
      sha256: dbea944bf224db953522e5c95142920aad976610e1d7434b7e71963670329ec3
  original:
    hackage: slick-1.0.1.1@sha256:bd27d2237126f8883b14c4a1e6c19b6640ed8dae5ba18e9eb8877c1ee23d5c1e,1307
- completed:
    hackage: text-time-0.2.0@sha256:ae94071e29a5265f60de19c054a5308cee54a849678fbb8ea8d9657510c87b4c,1757
    pantry-tree:
      size: 637
      sha256: 086572dbcc5663ab43f658634dcb3b08cc595690fba0a92387eeb7aa72651d6f
  original:
    hackage: text-time-0.2.0@sha256:ae94071e29a5265f60de19c054a5308cee54a849678fbb8ea8d9657510c87b4c,1757
- completed:
    hackage: shake-plus-0.1.2.0@sha256:4bf6453a1cd67bd8f65f191ae359ae61f209d0108f26e9e2a1b5a15182caf457,2251
    pantry-tree:
      size: 1169
      sha256: 37295d6e15d3fa0b93876c12fcc9908011103497d6fe2db130c1a63b9d3eb02a
  original:
    hackage: shake-plus-0.1.2.0
- completed:
    hackage: within-0.1.1.0@sha256:6b2dce370e6d56b4702dab42c0254882ef8273c30ea8faae87d0da38c285fb2f,1107
    pantry-tree:
      size: 305
      sha256: 5e853f5b1a97f0a1dd95e0969196732569900e20173f18ea4ea41b8de9e8f931
  original:
    hackage: within-0.1.1.0
- completed:
    hackage: zipper-extra-0.1.1.0@sha256:41bf31d05f8f647fd2a6d7d9b13018829ce9145a6ec03a474d264023d9d372b4,948
    pantry-tree:
      size: 330
      sha256: 4d562b3b1fef873434fb6bbe1db78cd0477f57390217e4c96492661080bb9788
  original:
    hackage: zipper-extra-0.1.1.0
snapshots:
- completed:
    size: 493124
    url: https://raw.githubusercontent.com/commercialhaskell/stackage-snapshots/master/lts/15/10.yaml
    sha256: 48bc6d1d59224a5166265ef6cdda6a512f29ecc8ef7331826312b82377e89507
  original: lts-15.10
