# This file was autogenerated by Stack.
# You should not edit this file by hand.
# For more information, please see the documentation at:
#   https://docs.haskellstack.org/en/stable/lock_files

packages:
- completed:
    hackage: commonmark-0.1.0.2@sha256:fbff7a2ade0ce7d699964a87f765e503a3a9e22542c05f0f02ba7aad64e38af4,3278
    pantry-tree:
      size: 1346
      sha256: 991da6da60804286b9ea23a1522e18ceeabddfdf416787231db9fd047c163f53
  original:
    hackage: commonmark-0.1.0.2
- completed:
    hackage: commonmark-extensions-0.2.0.1@sha256:647aa8dba5fd46984ddedc15c3693c9c4d9655503d42006576bd8f0dadf8cd39,3176
    pantry-tree:
      size: 2927
      sha256: 89e1ee05938d558834c397a3a22cdacc755a1941c144f4c1f3daf8a1ede943ce
  original:
    hackage: commonmark-extensions-0.2.0.1
- completed:
    hackage: commonmark-pandoc-0.2.0.0@sha256:84a9f6846d4fe33e9f0dcd938ef1c83162fb4fe81cca66315249e86414aac226,1167
    pantry-tree:
      size: 326
      sha256: aa88fb10bd382b8d942b51b2ad0b94f52a72a4e37c8085abc5c380964c7eeb7c
  original:
    hackage: commonmark-pandoc-0.2.0.0
- completed:
    hackage: composite-tuple-0.1.0.0@sha256:91c52a85f6fcee54a17b1cd20c68180aac9e19f6d11c2d3febffc6a1ef504e35,986
    pantry-tree:
      size: 282
      sha256: 1aa9ce4cb35bf352a86b0502eadc485b895b4322fe508594ae35bc14825de9d6
  original:
    hackage: composite-tuple-0.1.0.0
- completed:
    hackage: composite-xstep-0.1.0.0@sha256:6773a65d69769f3b3dc27b5e33557e94f7b5b6d9c18641e2aaa7903a0dbc5137,1037
    pantry-tree:
      size: 276
      sha256: 2e9ea90a18cac4138545a77b8f2275566f3b04e4aa0c1a9611ff19751e1007d7
  original:
    hackage: composite-xstep-0.1.0.0
- completed:
    hackage: pandoc-2.10.1@sha256:23d7ec480c7cb86740475a419d6ca4819987b6dd23bbae9b50bc3d42a7ed2f9f,36933
    pantry-tree:
      size: 89646
      sha256: 08c8b20356152b9ee8161bacafda2dc1bed13d7db4cbf38ab040c1977b2d28d5
  original:
    hackage: pandoc-2.10.1
- completed:
    hackage: slick-1.0.1.1@sha256:bd27d2237126f8883b14c4a1e6c19b6640ed8dae5ba18e9eb8877c1ee23d5c1e,1307
    pantry-tree:
      size: 601
      sha256: dbea944bf224db953522e5c95142920aad976610e1d7434b7e71963670329ec3
  original:
    hackage: slick-1.0.1.1
snapshots:
- completed:
    size: 528636
    url: https://raw.githubusercontent.com/commercialhaskell/stackage-snapshots/master/nightly/2020/9/3.yaml
    sha256: 9dac40ef83b087f8f5c4b32a3400b54f6fc058fd7648e46bbfcb60765b135646
  original: nightly-2020-09-03
