# This file was autogenerated by Stack.
# You should not edit this file by hand.
# For more information, please see the documentation at:
#   https://docs.haskellstack.org/en/stable/lock_files

packages:
- completed:
    hackage: composite-aeson-0.7.3.0@sha256:fe15e0b93d40bfaaa17ad65cf168b18f7ec15c850b8269b653565965be0b0a6c,3785
    pantry-tree:
      size: 1402
      sha256: d32a7d3275fd157e33ba2e18052122cd0ef2a8fb132a6bb5e4cf4fb1ddb331d4
  original:
    hackage: composite-aeson-0.7.3.0
- completed:
    hackage: composite-base-0.7.3.0@sha256:5c0ca73989790ca4d8247cb42ec1c5399b85b307b581383fd3b148e0da2df3e8,2896
    pantry-tree:
      size: 604
      sha256: ef7ae8c3ea8a0708bbee1b8aded6cde6cc4c887648be081a765b70110823f220
  original:
    hackage: composite-base-0.7.3.0
- completed:
    hackage: hslua-1.1.2@sha256:6c231b2af447430d1ed04f065d40bb6882ece93cc7f32f4051dc99deb69beeae,9694
    pantry-tree:
      size: 6820
      sha256: 62e61f6d08191159a070dcbaa20284a581835de620105a254dbee1c7ddfabd9d
  original:
    hackage: hslua-1.1.2
- completed:
    hackage: jira-wiki-markup-1.3.2@sha256:b5f0901208a0ee07aff60f5356aeb851b7aa7950c75a18a15fd34247a35886d8,3819
    pantry-tree:
      size: 1180
      sha256: 90fa545210a211b8ec88b59f92fe2877ebf2f9e55e2ce2fba6103a3615bd0ab9
  original:
    hackage: jira-wiki-markup-1.3.2
- completed:
    hackage: pandoc-2.10@sha256:954cb8d8c8a49ff52372fa77ca8414052d6a31e1b99c0c9552fbe349e707ce5f,36760
    pantry-tree:
      size: 89401
      sha256: bd2837083be670e471abd6a3bc3df31c2695444c9095daba34987ca8557aece9
  original:
    hackage: pandoc-2.10
- completed:
    hackage: slick-1.0.1.1@sha256:bd27d2237126f8883b14c4a1e6c19b6640ed8dae5ba18e9eb8877c1ee23d5c1e,1307
    pantry-tree:
      size: 601
      sha256: dbea944bf224db953522e5c95142920aad976610e1d7434b7e71963670329ec3
  original:
    hackage: slick-1.0.1.1
- completed:
    hackage: text-time-0.2.0@sha256:ae94071e29a5265f60de19c054a5308cee54a849678fbb8ea8d9657510c87b4c,1757
    pantry-tree:
      size: 637
      sha256: 086572dbcc5663ab43f658634dcb3b08cc595690fba0a92387eeb7aa72651d6f
  original:
    hackage: text-time-0.2.0
snapshots:
- completed:
    size: 522655
    url: https://raw.githubusercontent.com/commercialhaskell/stackage-snapshots/master/nightly/2020/8/1.yaml
    sha256: fd0afe3e32e0745f2ccdc1271b618456dbddaee4daf5cb69526a3a102a6bbcaa
  original: nightly-2020-08-01
